
Microsoft Visual Studio Solution File, Format Version 12.00
# Visual Studio 15
VisualStudioVersion = 15.0.28307.136
MinimumVisualStudioVersion = 10.0.40219.1
Project("{FAE04EC0-301F-11D3-BF4B-00C04F79EFBC}") = "MarsRoverProblem", "MarsRoverProblem\MarsRoverProblem.csproj", "{66D49F18-D4A8-42EA-805D-2A1654B2A645}"
EndProject
Project("{FAE04EC0-301F-11D3-BF4B-00C04F79EFBC}") = "MarsRoverProblemTest", "MarsRoverProblemTest\MarsRoverProblemTest.csproj", "{A05328D7-452E-41D3-B59A-05479FDB1979}"
EndProject
Global
	GlobalSection(SolutionConfigurationPlatforms) = preSolution
		Debug|Any CPU = Debug|Any CPU
		Release|Any CPU = Release|Any CPU
	EndGlobalSection
	GlobalSection(ProjectConfigurationPlatforms) = postSolution
		{66D49F18-D4A8-42EA-805D-2A1654B2A645}.Debug|Any CPU.ActiveCfg = Debug|Any CPU
		{66D49F18-D4A8-42EA-805D-2A1654B2A645}.Debug|Any CPU.Build.0 = Debug|Any CPU
		{66D49F18-D4A8-42EA-805D-2A1654B2A645}.Release|Any CPU.ActiveCfg = Release|Any CPU
		{66D49F18-D4A8-42EA-805D-2A1654B2A645}.Release|Any CPU.Build.0 = Release|Any CPU
		{A05328D7-452E-41D3-B59A-05479FDB1979}.Debug|Any CPU.ActiveCfg = Debug|Any CPU
		{A05328D7-452E-41D3-B59A-05479FDB1979}.Debug|Any CPU.Build.0 = Debug|Any CPU
		{A05328D7-452E-41D3-B59A-05479FDB1979}.Release|Any CPU.ActiveCfg = Release|Any CPU
		{A05328D7-452E-41D3-B59A-05479FDB1979}.Release|Any CPU.Build.0 = Release|Any CPU
	EndGlobalSection
	GlobalSection(SolutionProperties) = preSolution
		HideSolutionNode = FALSE
	EndGlobalSection
	GlobalSection(ExtensibilityGlobals) = postSolution
		SolutionGuid = {A1C38E96-0704-42B7-98A1-41CF4F53EEC2}
	EndGlobalSection
EndGlobal
